// !$*UTF8*$!
{
	archiveVersion = 1;
	classes = {
	};
	objectVersion = 56;
	objects = {

/* Begin PBXBuildFile section */
		84C1D4CE2C419C97002DD751 /* AppDelegate.swift in Sources */ = {isa = PBXBuildFile; fileRef = 84C1D4CD2C419C96002DD751 /* AppDelegate.swift */; };
		84C1D4D02C419C97002DD751 /* SceneDelegate.swift in Sources */ = {isa = PBXBuildFile; fileRef = 84C1D4CF2C419C97002DD751 /* SceneDelegate.swift */; };
		84C1D4D22C419C97002DD751 /* ConversationViewController.swift in Sources */ = {isa = PBXBuildFile; fileRef = 84C1D4D12C419C97002DD751 /* ConversationViewController.swift */; };
		84C1D4D52C419C97002DD751 /* Base in Resources */ = {isa = PBXBuildFile; fileRef = 84C1D4D42C419C97002DD751 /* Base */; };
		84C1D4D72C419C99002DD751 /* Assets.xcassets in Resources */ = {isa = PBXBuildFile; fileRef = 84C1D4D62C419C99002DD751 /* Assets.xcassets */; };
		84C1D4DA2C419C99002DD751 /* Base in Resources */ = {isa = PBXBuildFile; fileRef = 84C1D4D92C419C99002DD751 /* Base */; };
		84C1D4E92C41A214002DD751 /* LoginViewController.swift in Sources */ = {isa = PBXBuildFile; fileRef = 84C1D4E82C41A214002DD751 /* LoginViewController.swift */; };
		84C1D4EB2C41A238002DD751 /* PhotoViewerViewController.swift in Sources */ = {isa = PBXBuildFile; fileRef = 84C1D4EA2C41A238002DD751 /* PhotoViewerViewController.swift */; };
		84C1D4ED2C41A250002DD751 /* RegisterViewController.swift in Sources */ = {isa = PBXBuildFile; fileRef = 84C1D4EC2C41A250002DD751 /* RegisterViewController.swift */; };
		84C1D4EF2C41A26B002DD751 /* VideoPlayerViewController.swift in Sources */ = {isa = PBXBuildFile; fileRef = 84C1D4EE2C41A26B002DD751 /* VideoPlayerViewController.swift */; };
		84C1D4F12C41A297002DD751 /* NewConversationViewController.swift in Sources */ = {isa = PBXBuildFile; fileRef = 84C1D4F02C41A297002DD751 /* NewConversationViewController.swift */; };
		84C1D4F32C41A2AF002DD751 /* ProfileViewController.swift in Sources */ = {isa = PBXBuildFile; fileRef = 84C1D4F22C41A2AF002DD751 /* ProfileViewController.swift */; };
		84C1D4F82C42EDA2002DD751 /* GoogleService-Info.plist in Resources */ = {isa = PBXBuildFile; fileRef = 84C1D4F72C42EDA2002DD751 /* GoogleService-Info.plist */; };
		84E0EBFF2C4BE64B0012CDF3 /* DataBaseManager.swift in Sources */ = {isa = PBXBuildFile; fileRef = 84E0EBFE2C4BE64B0012CDF3 /* DataBaseManager.swift */; };
		84E0EC012C4C15160012CDF3 /* ChatAppUser.swift in Sources */ = {isa = PBXBuildFile; fileRef = 84E0EC002C4C15160012CDF3 /* ChatAppUser.swift */; };
		84E0EC062C4C34C40012CDF3 /* Helper.swift in Sources */ = {isa = PBXBuildFile; fileRef = 84E0EC052C4C34C40012CDF3 /* Helper.swift */; };
		84EAA78B2C42FAE30095F9CA /* AdSupport.framework in Frameworks */ = {isa = PBXBuildFile; fileRef = 84EAA78A2C42FAE30095F9CA /* AdSupport.framework */; };
		84EAA78C2C42FAFB0095F9CA /* Pods_Messanger.framework in Frameworks */ = {isa = PBXBuildFile; fileRef = 7D56FACAB98DC8AE13292D25 /* Pods_Messanger.framework */; };
		84EAA78D2C42FAFB0095F9CA /* Pods_Messanger.framework in Embed Frameworks */ = {isa = PBXBuildFile; fileRef = 7D56FACAB98DC8AE13292D25 /* Pods_Messanger.framework */; settings = {ATTRIBUTES = (RemoveHeadersOnCopy, ); }; };
/* End PBXBuildFile section */

/* Begin PBXCopyFilesBuildPhase section */
		84EAA78E2C42FAFB0095F9CA /* Embed Frameworks */ = {
			isa = PBXCopyFilesBuildPhase;
			buildActionMask = 2147483647;
			dstPath = "";
			dstSubfolderSpec = 10;
			files = (
				84EAA78D2C42FAFB0095F9CA /* Pods_Messanger.framework in Embed Frameworks */,
			);
			name = "Embed Frameworks";
			runOnlyForDeploymentPostprocessing = 0;
		};
/* End PBXCopyFilesBuildPhase section */

/* Begin PBXFileReference section */
		0AE0F53419B0B7C025C58624 /* Pods-Messanger.debug.xcconfig */ = {isa = PBXFileReference; includeInIndex = 1; lastKnownFileType = text.xcconfig; name = "Pods-Messanger.debug.xcconfig"; path = "Target Support Files/Pods-Messanger/Pods-Messanger.debug.xcconfig"; sourceTree = "<group>"; };
		4823180B556D02AC153EC6A7 /* Pods-Messanger.release.xcconfig */ = {isa = PBXFileReference; includeInIndex = 1; lastKnownFileType = text.xcconfig; name = "Pods-Messanger.release.xcconfig"; path = "Target Support Files/Pods-Messanger/Pods-Messanger.release.xcconfig"; sourceTree = "<group>"; };
		7D56FACAB98DC8AE13292D25 /* Pods_Messanger.framework */ = {isa = PBXFileReference; explicitFileType = wrapper.framework; includeInIndex = 0; path = Pods_Messanger.framework; sourceTree = BUILT_PRODUCTS_DIR; };
		84C1D4CA2C419C96002DD751 /* Messanger.app */ = {isa = PBXFileReference; explicitFileType = wrapper.application; includeInIndex = 0; path = Messanger.app; sourceTree = BUILT_PRODUCTS_DIR; };
		84C1D4CD2C419C96002DD751 /* AppDelegate.swift */ = {isa = PBXFileReference; lastKnownFileType = sourcecode.swift; path = AppDelegate.swift; sourceTree = "<group>"; };
		84C1D4CF2C419C97002DD751 /* SceneDelegate.swift */ = {isa = PBXFileReference; lastKnownFileType = sourcecode.swift; path = SceneDelegate.swift; sourceTree = "<group>"; };
		84C1D4D12C419C97002DD751 /* ConversationViewController.swift */ = {isa = PBXFileReference; lastKnownFileType = sourcecode.swift; path = ConversationViewController.swift; sourceTree = "<group>"; };
		84C1D4D42C419C97002DD751 /* Base */ = {isa = PBXFileReference; lastKnownFileType = file.storyboard; name = Base; path = Base.lproj/Main.storyboard; sourceTree = "<group>"; };
		84C1D4D62C419C99002DD751 /* Assets.xcassets */ = {isa = PBXFileReference; lastKnownFileType = folder.assetcatalog; path = Assets.xcassets; sourceTree = "<group>"; };
		84C1D4D92C419C99002DD751 /* Base */ = {isa = PBXFileReference; lastKnownFileType = file.storyboard; name = Base; path = Base.lproj/LaunchScreen.storyboard; sourceTree = "<group>"; };
		84C1D4DB2C419C99002DD751 /* Info.plist */ = {isa = PBXFileReference; lastKnownFileType = text.plist.xml; path = Info.plist; sourceTree = "<group>"; };
		84C1D4E82C41A214002DD751 /* LoginViewController.swift */ = {isa = PBXFileReference; lastKnownFileType = sourcecode.swift; path = LoginViewController.swift; sourceTree = "<group>"; };
		84C1D4EA2C41A238002DD751 /* PhotoViewerViewController.swift */ = {isa = PBXFileReference; lastKnownFileType = sourcecode.swift; path = PhotoViewerViewController.swift; sourceTree = "<group>"; };
		84C1D4EC2C41A250002DD751 /* RegisterViewController.swift */ = {isa = PBXFileReference; lastKnownFileType = sourcecode.swift; path = RegisterViewController.swift; sourceTree = "<group>"; };
		84C1D4EE2C41A26B002DD751 /* VideoPlayerViewController.swift */ = {isa = PBXFileReference; lastKnownFileType = sourcecode.swift; path = VideoPlayerViewController.swift; sourceTree = "<group>"; };
		84C1D4F02C41A297002DD751 /* NewConversationViewController.swift */ = {isa = PBXFileReference; lastKnownFileType = sourcecode.swift; path = NewConversationViewController.swift; sourceTree = "<group>"; };
		84C1D4F22C41A2AF002DD751 /* ProfileViewController.swift */ = {isa = PBXFileReference; lastKnownFileType = sourcecode.swift; path = ProfileViewController.swift; sourceTree = "<group>"; };
		84C1D4F72C42EDA2002DD751 /* GoogleService-Info.plist */ = {isa = PBXFileReference; fileEncoding = 4; lastKnownFileType = text.plist.xml; name = "GoogleService-Info.plist"; path = "../../../Downloads/GoogleService-Info.plist"; sourceTree = "<group>"; };
		84E0EBFE2C4BE64B0012CDF3 /* DataBaseManager.swift */ = {isa = PBXFileReference; lastKnownFileType = sourcecode.swift; path = DataBaseManager.swift; sourceTree = "<group>"; };
		84E0EC002C4C15160012CDF3 /* ChatAppUser.swift */ = {isa = PBXFileReference; lastKnownFileType = sourcecode.swift; path = ChatAppUser.swift; sourceTree = "<group>"; };
		84E0EC052C4C34C40012CDF3 /* Helper.swift */ = {isa = PBXFileReference; lastKnownFileType = sourcecode.swift; path = Helper.swift; sourceTree = "<group>"; };
		84EAA78A2C42FAE30095F9CA /* AdSupport.framework */ = {isa = PBXFileReference; lastKnownFileType = wrapper.framework; name = AdSupport.framework; path = System/Library/Frameworks/AdSupport.framework; sourceTree = SDKROOT; };
/* End PBXFileReference section */

/* Begin PBXFrameworksBuildPhase section */
		84C1D4C72C419C96002DD751 /* Frameworks */ = {
			isa = PBXFrameworksBuildPhase;
			buildActionMask = 2147483647;
			files = (
				84EAA78C2C42FAFB0095F9CA /* Pods_Messanger.framework in Frameworks */,
				84EAA78B2C42FAE30095F9CA /* AdSupport.framework in Frameworks */,
			);
			runOnlyForDeploymentPostprocessing = 0;
		};
/* End PBXFrameworksBuildPhase section */

/* Begin PBXGroup section */
		2B73AA31081135A5AD2EEF14 /* Pods */ = {
			isa = PBXGroup;
			children = (
				0AE0F53419B0B7C025C58624 /* Pods-Messanger.debug.xcconfig */,
				4823180B556D02AC153EC6A7 /* Pods-Messanger.release.xcconfig */,
			);
			path = Pods;
			sourceTree = "<group>";
		};
		50BB6D819338DEA12CA08610 /* Frameworks */ = {
			isa = PBXGroup;
			children = (
				84EAA78A2C42FAE30095F9CA /* AdSupport.framework */,
				7D56FACAB98DC8AE13292D25 /* Pods_Messanger.framework */,
			);
			name = Frameworks;
			sourceTree = "<group>";
		};
		84C1D4C12C419C96002DD751 = {
			isa = PBXGroup;
			children = (
				84C1D4CC2C419C96002DD751 /* Messanger */,
				84C1D4CB2C419C96002DD751 /* Products */,
				2B73AA31081135A5AD2EEF14 /* Pods */,
				50BB6D819338DEA12CA08610 /* Frameworks */,
			);
			sourceTree = "<group>";
		};
		84C1D4CB2C419C96002DD751 /* Products */ = {
			isa = PBXGroup;
			children = (
				84C1D4CA2C419C96002DD751 /* Messanger.app */,
			);
			name = Products;
			sourceTree = "<group>";
		};
		84C1D4CC2C419C96002DD751 /* Messanger */ = {
			isa = PBXGroup;
			children = (
				84E0EC022C4C34780012CDF3 /* Helper */,
				84C1D4F72C42EDA2002DD751 /* GoogleService-Info.plist */,
				84E0EBFD2C4BE5FC0012CDF3 /* DataBaseManager */,
				84C1D4E62C419FBA002DD751 /* Resources */,
				84C1D4E52C419F64002DD751 /* ViewModels */,
				84C1D4E42C419F5E002DD751 /* Models */,
				84C1D4E32C419F59002DD751 /* Views */,
				84C1D4E22C419F55002DD751 /* Controller */,
				84C1D4DB2C419C99002DD751 /* Info.plist */,
			);
			path = Messanger;
			sourceTree = "<group>";
		};
		84C1D4E22C419F55002DD751 /* Controller */ = {
			isa = PBXGroup;
			children = (
				84C1D4F42C41A34A002DD751 /* Login */,
				84C1D4D12C419C97002DD751 /* ConversationViewController.swift */,
				84C1D4EA2C41A238002DD751 /* PhotoViewerViewController.swift */,
				84C1D4EE2C41A26B002DD751 /* VideoPlayerViewController.swift */,
				84C1D4F02C41A297002DD751 /* NewConversationViewController.swift */,
				84C1D4F22C41A2AF002DD751 /* ProfileViewController.swift */,
			);
			path = Controller;
			sourceTree = "<group>";
		};
		84C1D4E32C419F59002DD751 /* Views */ = {
			isa = PBXGroup;
			children = (
				84C1D4E72C41A023002DD751 /* StoryBoards */,
				84C1D4D62C419C99002DD751 /* Assets.xcassets */,
			);
			path = Views;
			sourceTree = "<group>";
		};
		84C1D4E42C419F5E002DD751 /* Models */ = {
			isa = PBXGroup;
			children = (
				84E0EC002C4C15160012CDF3 /* ChatAppUser.swift */,
			);
			path = Models;
			sourceTree = "<group>";
		};
		84C1D4E52C419F64002DD751 /* ViewModels */ = {
			isa = PBXGroup;
			children = (
			);
			path = ViewModels;
			sourceTree = "<group>";
		};
		84C1D4E62C419FBA002DD751 /* Resources */ = {
			isa = PBXGroup;
			children = (
				84C1D4CD2C419C96002DD751 /* AppDelegate.swift */,
				84C1D4CF2C419C97002DD751 /* SceneDelegate.swift */,
			);
			path = Resources;
			sourceTree = "<group>";
		};
		84C1D4E72C41A023002DD751 /* StoryBoards */ = {
			isa = PBXGroup;
			children = (
				84C1D4D32C419C97002DD751 /* Main.storyboard */,
				84C1D4D82C419C99002DD751 /* LaunchScreen.storyboard */,
			);
			path = StoryBoards;
			sourceTree = "<group>";
		};
		84C1D4F42C41A34A002DD751 /* Login */ = {
			isa = PBXGroup;
			children = (
				84C1D4E82C41A214002DD751 /* LoginViewController.swift */,
				84C1D4EC2C41A250002DD751 /* RegisterViewController.swift */,
			);
			path = Login;
			sourceTree = "<group>";
		};
		84E0EBFD2C4BE5FC0012CDF3 /* DataBaseManager */ = {
			isa = PBXGroup;
			children = (
				84E0EBFE2C4BE64B0012CDF3 /* DataBaseManager.swift */,
			);
			path = DataBaseManager;
			sourceTree = "<group>";
		};
		84E0EC022C4C34780012CDF3 /* Helper */ = {
			isa = PBXGroup;
			children = (
				84E0EC052C4C34C40012CDF3 /* Helper.swift */,
			);
			path = Helper;
			sourceTree = "<group>";
		};
/* End PBXGroup section */

/* Begin PBXNativeTarget section */
		84C1D4C92C419C96002DD751 /* Messanger */ = {
			isa = PBXNativeTarget;
			buildConfigurationList = 84C1D4DE2C419C99002DD751 /* Build configuration list for PBXNativeTarget "Messanger" */;
			buildPhases = (
				2AF92F274B3CBA1464A2963D /* [CP] Check Pods Manifest.lock */,
				84C1D4C62C419C96002DD751 /* Sources */,
				84C1D4C72C419C96002DD751 /* Frameworks */,
				84C1D4C82C419C96002DD751 /* Resources */,
				5056747BD839693B2F43FC56 /* [CP] Embed Pods Frameworks */,
				84EAA78E2C42FAFB0095F9CA /* Embed Frameworks */,
			);
			buildRules = (
			);
			dependencies = (
			);
			name = Messanger;
			productName = Messanger;
			productReference = 84C1D4CA2C419C96002DD751 /* Messanger.app */;
			productType = "com.apple.product-type.application";
		};
/* End PBXNativeTarget section */

/* Begin PBXProject section */
		84C1D4C22C419C96002DD751 /* Project object */ = {
			isa = PBXProject;
			attributes = {
				BuildIndependentTargetsInParallel = 1;
				LastSwiftUpdateCheck = 1540;
				LastUpgradeCheck = 1540;
				TargetAttributes = {
					84C1D4C92C419C96002DD751 = {
						CreatedOnToolsVersion = 15.4;
					};
				};
			};
			buildConfigurationList = 84C1D4C52C419C96002DD751 /* Build configuration list for PBXProject "Messanger" */;
			compatibilityVersion = "Xcode 14.0";
			developmentRegion = en;
			hasScannedForEncodings = 0;
			knownRegions = (
				en,
				Base,
			);
			mainGroup = 84C1D4C12C419C96002DD751;
			productRefGroup = 84C1D4CB2C419C96002DD751 /* Products */;
			projectDirPath = "";
			projectRoot = "";
			targets = (
				84C1D4C92C419C96002DD751 /* Messanger */,
			);
		};
/* End PBXProject section */

/* Begin PBXResourcesBuildPhase section */
		84C1D4C82C419C96002DD751 /* Resources */ = {
			isa = PBXResourcesBuildPhase;
			buildActionMask = 2147483647;
			files = (
				84C1D4D72C419C99002DD751 /* Assets.xcassets in Resources */,
				84C1D4F82C42EDA2002DD751 /* GoogleService-Info.plist in Resources */,
				84C1D4DA2C419C99002DD751 /* Base in Resources */,
				84C1D4D52C419C97002DD751 /* Base in Resources */,
			);
			runOnlyForDeploymentPostprocessing = 0;
		};
/* End PBXResourcesBuildPhase section */

/* Begin PBXShellScriptBuildPhase section */
		2AF92F274B3CBA1464A2963D /* [CP] Check Pods Manifest.lock */ = {
			isa = PBXShellScriptBuildPhase;
			buildActionMask = 2147483647;
			files = (
			);
			inputFileListPaths = (
			);
			inputPaths = (
				"${PODS_PODFILE_DIR_PATH}/Podfile.lock",
				"${PODS_ROOT}/Manifest.lock",
			);
			name = "[CP] Check Pods Manifest.lock";
			outputFileListPaths = (
			);
			outputPaths = (
				"$(DERIVED_FILE_DIR)/Pods-Messanger-checkManifestLockResult.txt",
			);
			runOnlyForDeploymentPostprocessing = 0;
			shellPath = /bin/sh;
			shellScript = "diff \"${PODS_PODFILE_DIR_PATH}/Podfile.lock\" \"${PODS_ROOT}/Manifest.lock\" > /dev/null\nif [ $? != 0 ] ; then\n    # print error to STDERR\n    echo \"error: The sandbox is not in sync with the Podfile.lock. Run 'pod install' or update your CocoaPods installation.\" >&2\n    exit 1\nfi\n# This output is used by Xcode 'outputs' to avoid re-running this script phase.\necho \"SUCCESS\" > \"${SCRIPT_OUTPUT_FILE_0}\"\n";
			showEnvVarsInLog = 0;
		};
		5056747BD839693B2F43FC56 /* [CP] Embed Pods Frameworks */ = {
			isa = PBXShellScriptBuildPhase;
			buildActionMask = 2147483647;
			files = (
			);
			inputFileListPaths = (
				"${PODS_ROOT}/Target Support Files/Pods-Messanger/Pods-Messanger-frameworks-${CONFIGURATION}-input-files.xcfilelist",
			);
			name = "[CP] Embed Pods Frameworks";
			outputFileListPaths = (
				"${PODS_ROOT}/Target Support Files/Pods-Messanger/Pods-Messanger-frameworks-${CONFIGURATION}-output-files.xcfilelist",
			);
			runOnlyForDeploymentPostprocessing = 0;
			shellPath = /bin/sh;
			shellScript = "\"${PODS_ROOT}/Target Support Files/Pods-Messanger/Pods-Messanger-frameworks.sh\"\n";
			showEnvVarsInLog = 0;
		};
/* End PBXShellScriptBuildPhase section */

/* Begin PBXSourcesBuildPhase section */
		84C1D4C62C419C96002DD751 /* Sources */ = {
			isa = PBXSourcesBuildPhase;
			buildActionMask = 2147483647;
			files = (
				84C1D4E92C41A214002DD751 /* LoginViewController.swift in Sources */,
				84E0EC062C4C34C40012CDF3 /* Helper.swift in Sources */,
				84C1D4D22C419C97002DD751 /* ConversationViewController.swift in Sources */,
				84C1D4F12C41A297002DD751 /* NewConversationViewController.swift in Sources */,
				84C1D4EB2C41A238002DD751 /* PhotoViewerViewController.swift in Sources */,
				84E0EBFF2C4BE64B0012CDF3 /* DataBaseManager.swift in Sources */,
				84E0EC012C4C15160012CDF3 /* ChatAppUser.swift in Sources */,
				84C1D4EF2C41A26B002DD751 /* VideoPlayerViewController.swift in Sources */,
				84C1D4ED2C41A250002DD751 /* RegisterViewController.swift in Sources */,
				84C1D4F32C41A2AF002DD751 /* ProfileViewController.swift in Sources */,
				84C1D4CE2C419C97002DD751 /* AppDelegate.swift in Sources */,
				84C1D4D02C419C97002DD751 /* SceneDelegate.swift in Sources */,
			);
			runOnlyForDeploymentPostprocessing = 0;
		};
/* End PBXSourcesBuildPhase section */

/* Begin PBXVariantGroup section */
		84C1D4D32C419C97002DD751 /* Main.storyboard */ = {
			isa = PBXVariantGroup;
			children = (
				84C1D4D42C419C97002DD751 /* Base */,
			);
			name = Main.storyboard;
			sourceTree = "<group>";
		};
		84C1D4D82C419C99002DD751 /* LaunchScreen.storyboard */ = {
			isa = PBXVariantGroup;
			children = (
				84C1D4D92C419C99002DD751 /* Base */,
			);
			name = LaunchScreen.storyboard;
			sourceTree = "<group>";
		};
/* End PBXVariantGroup section */

/* Begin XCBuildConfiguration section */
		84C1D4DC2C419C99002DD751 /* Debug */ = {
			isa = XCBuildConfiguration;
			buildSettings = {
				ALWAYS_SEARCH_USER_PATHS = NO;
				ASSETCATALOG_COMPILER_GENERATE_SWIFT_ASSET_SYMBOL_EXTENSIONS = YES;
				CLANG_ANALYZER_NONNULL = YES;
				CLANG_ANALYZER_NUMBER_OBJECT_CONVERSION = YES_AGGRESSIVE;
				CLANG_CXX_LANGUAGE_STANDARD = "gnu++20";
				CLANG_ENABLE_MODULES = YES;
				CLANG_ENABLE_OBJC_ARC = YES;
				CLANG_ENABLE_OBJC_WEAK = YES;
				CLANG_WARN_BLOCK_CAPTURE_AUTORELEASING = YES;
				CLANG_WARN_BOOL_CONVERSION = YES;
				CLANG_WARN_COMMA = YES;
				CLANG_WARN_CONSTANT_CONVERSION = YES;
				CLANG_WARN_DEPRECATED_OBJC_IMPLEMENTATIONS = YES;
				CLANG_WARN_DIRECT_OBJC_ISA_USAGE = YES_ERROR;
				CLANG_WARN_DOCUMENTATION_COMMENTS = YES;
				CLANG_WARN_EMPTY_BODY = YES;
				CLANG_WARN_ENUM_CONVERSION = YES;
				CLANG_WARN_INFINITE_RECURSION = YES;
				CLANG_WARN_INT_CONVERSION = YES;
				CLANG_WARN_NON_LITERAL_NULL_CONVERSION = YES;
				CLANG_WARN_OBJC_IMPLICIT_RETAIN_SELF = YES;
				CLANG_WARN_OBJC_LITERAL_CONVERSION = YES;
				CLANG_WARN_OBJC_ROOT_CLASS = YES_ERROR;
				CLANG_WARN_QUOTED_INCLUDE_IN_FRAMEWORK_HEADER = NO;
				CLANG_WARN_RANGE_LOOP_ANALYSIS = YES;
				CLANG_WARN_STRICT_PROTOTYPES = YES;
				CLANG_WARN_SUSPICIOUS_MOVE = YES;
				CLANG_WARN_UNGUARDED_AVAILABILITY = YES_AGGRESSIVE;
				CLANG_WARN_UNREACHABLE_CODE = YES;
				CLANG_WARN__DUPLICATE_METHOD_MATCH = YES;
				COPY_PHASE_STRIP = NO;
				DEBUG_INFORMATION_FORMAT = dwarf;
				ENABLE_STRICT_OBJC_MSGSEND = YES;
				ENABLE_TESTABILITY = YES;
				ENABLE_USER_SCRIPT_SANDBOXING = NO;
				GCC_C_LANGUAGE_STANDARD = gnu17;
				GCC_DYNAMIC_NO_PIC = NO;
				GCC_NO_COMMON_BLOCKS = YES;
				GCC_OPTIMIZATION_LEVEL = 0;
				GCC_PREPROCESSOR_DEFINITIONS = (
					"DEBUG=1",
					"$(inherited)",
				);
				GCC_WARN_64_TO_32_BIT_CONVERSION = YES;
				GCC_WARN_ABOUT_RETURN_TYPE = YES_ERROR;
				GCC_WARN_UNDECLARED_SELECTOR = YES;
				GCC_WARN_UNINITIALIZED_AUTOS = YES_AGGRESSIVE;
				GCC_WARN_UNUSED_FUNCTION = YES;
				GCC_WARN_UNUSED_VARIABLE = YES;
				IPHONEOS_DEPLOYMENT_TARGET = 17.5;
				LOCALIZATION_PREFERS_STRING_CATALOGS = YES;
				MTL_ENABLE_DEBUG_INFO = INCLUDE_SOURCE;
				MTL_FAST_MATH = YES;
				ONLY_ACTIVE_ARCH = YES;
				SDKROOT = iphoneos;
				SWIFT_ACTIVE_COMPILATION_CONDITIONS = "DEBUG $(inherited)";
				SWIFT_OPTIMIZATION_LEVEL = "-Onone";
			};
			name = Debug;
		};
		84C1D4DD2C419C99002DD751 /* Release */ = {
			isa = XCBuildConfiguration;
			buildSettings = {
				ALWAYS_SEARCH_USER_PATHS = NO;
				ASSETCATALOG_COMPILER_GENERATE_SWIFT_ASSET_SYMBOL_EXTENSIONS = YES;
				CLANG_ANALYZER_NONNULL = YES;
				CLANG_ANALYZER_NUMBER_OBJECT_CONVERSION = YES_AGGRESSIVE;
				CLANG_CXX_LANGUAGE_STANDARD = "gnu++20";
				CLANG_ENABLE_MODULES = YES;
				CLANG_ENABLE_OBJC_ARC = YES;
				CLANG_ENABLE_OBJC_WEAK = YES;
				CLANG_WARN_BLOCK_CAPTURE_AUTORELEASING = YES;
				CLANG_WARN_BOOL_CONVERSION = YES;
				CLANG_WARN_COMMA = YES;
				CLANG_WARN_CONSTANT_CONVERSION = YES;
				CLANG_WARN_DEPRECATED_OBJC_IMPLEMENTATIONS = YES;
				CLANG_WARN_DIRECT_OBJC_ISA_USAGE = YES_ERROR;
				CLANG_WARN_DOCUMENTATION_COMMENTS = YES;
				CLANG_WARN_EMPTY_BODY = YES;
				CLANG_WARN_ENUM_CONVERSION = YES;
				CLANG_WARN_INFINITE_RECURSION = YES;
				CLANG_WARN_INT_CONVERSION = YES;
				CLANG_WARN_NON_LITERAL_NULL_CONVERSION = YES;
				CLANG_WARN_OBJC_IMPLICIT_RETAIN_SELF = YES;
				CLANG_WARN_OBJC_LITERAL_CONVERSION = YES;
				CLANG_WARN_OBJC_ROOT_CLASS = YES_ERROR;
				CLANG_WARN_QUOTED_INCLUDE_IN_FRAMEWORK_HEADER = NO;
				CLANG_WARN_RANGE_LOOP_ANALYSIS = YES;
				CLANG_WARN_STRICT_PROTOTYPES = YES;
				CLANG_WARN_SUSPICIOUS_MOVE = YES;
				CLANG_WARN_UNGUARDED_AVAILABILITY = YES_AGGRESSIVE;
				CLANG_WARN_UNREACHABLE_CODE = YES;
				CLANG_WARN__DUPLICATE_METHOD_MATCH = YES;
				COPY_PHASE_STRIP = NO;
				DEBUG_INFORMATION_FORMAT = "dwarf-with-dsym";
				ENABLE_NS_ASSERTIONS = NO;
				ENABLE_STRICT_OBJC_MSGSEND = YES;
				ENABLE_USER_SCRIPT_SANDBOXING = NO;
				GCC_C_LANGUAGE_STANDARD = gnu17;
				GCC_NO_COMMON_BLOCKS = YES;
				GCC_WARN_64_TO_32_BIT_CONVERSION = YES;
				GCC_WARN_ABOUT_RETURN_TYPE = YES_ERROR;
				GCC_WARN_UNDECLARED_SELECTOR = YES;
				GCC_WARN_UNINITIALIZED_AUTOS = YES_AGGRESSIVE;
				GCC_WARN_UNUSED_FUNCTION = YES;
				GCC_WARN_UNUSED_VARIABLE = YES;
				IPHONEOS_DEPLOYMENT_TARGET = 17.5;
				LOCALIZATION_PREFERS_STRING_CATALOGS = YES;
				MTL_ENABLE_DEBUG_INFO = NO;
				MTL_FAST_MATH = YES;
				SDKROOT = iphoneos;
				SWIFT_COMPILATION_MODE = wholemodule;
				VALIDATE_PRODUCT = YES;
			};
			name = Release;
		};
		84C1D4DF2C419C99002DD751 /* Debug */ = {
			isa = XCBuildConfiguration;
			baseConfigurationReference = 0AE0F53419B0B7C025C58624 /* Pods-Messanger.debug.xcconfig */;
			buildSettings = {
				ASSETCATALOG_COMPILER_APPICON_NAME = AppIcon;
				ASSETCATALOG_COMPILER_GLOBAL_ACCENT_COLOR_NAME = AccentColor;
				CLANG_WARN_QUOTED_INCLUDE_IN_FRAMEWORK_HEADER = NO;
				CODE_SIGN_STYLE = Automatic;
				CURRENT_PROJECT_VERSION = 1;
				DEVELOPMENT_TEAM = MTJ45L5JW9;
				GENERATE_INFOPLIST_FILE = YES;
				INFOPLIST_FILE = Messanger/Info.plist;
				INFOPLIST_KEY_LSApplicationCategoryType = "public.app-category.entertainment";
				INFOPLIST_KEY_UIApplicationSupportsIndirectInputEvents = YES;
				INFOPLIST_KEY_UILaunchStoryboardName = LaunchScreen;
				INFOPLIST_KEY_UIMainStoryboardFile = Main;
				INFOPLIST_KEY_UISupportedInterfaceOrientations = "UIInterfaceOrientationLandscapeLeft UIInterfaceOrientationLandscapeRight UIInterfaceOrientationPortrait UIInterfaceOrientationPortraitUpsideDown";
				INFOPLIST_KEY_UISupportedInterfaceOrientations_iPad = "UIInterfaceOrientationLandscapeLeft UIInterfaceOrientationLandscapeRight";
				IPHONEOS_DEPLOYMENT_TARGET = 13.5;
				LD_RUNPATH_SEARCH_PATHS = (
					"$(inherited)",
					"@executable_path/Frameworks",
				);
				MARKETING_VERSION = 1.0;
				PRODUCT_BUNDLE_IDENTIFIER = rupaliVerma.Messanger;
				PRODUCT_NAME = "$(TARGET_NAME)";
				SWIFT_EMIT_LOC_STRINGS = YES;
				SWIFT_VERSION = 5.0;
				TARGETED_DEVICE_FAMILY = "1,2";
			};
			name = Debug;
		};
		84C1D4E02C419C99002DD751 /* Release */ = {
			isa = XCBuildConfiguration;
			baseConfigurationReference = 4823180B556D02AC153EC6A7 /* Pods-Messanger.release.xcconfig */;
			buildSettings = {
				ASSETCATALOG_COMPILER_APPICON_NAME = AppIcon;
				ASSETCATALOG_COMPILER_GLOBAL_ACCENT_COLOR_NAME = AccentColor;
				CLANG_WARN_QUOTED_INCLUDE_IN_FRAMEWORK_HEADER = NO;
				CODE_SIGN_STYLE = Automatic;
				CURRENT_PROJECT_VERSION = 1;
				DEVELOPMENT_TEAM = MTJ45L5JW9;
				GENERATE_INFOPLIST_FILE = YES;
				INFOPLIST_FILE = Messanger/Info.plist;
				INFOPLIST_KEY_LSApplicationCategoryType = "public.app-category.entertainment";
				INFOPLIST_KEY_UIApplicationSupportsIndirectInputEvents = YES;
				INFOPLIST_KEY_UILaunchStoryboardName = LaunchScreen;
				INFOPLIST_KEY_UIMainStoryboardFile = Main;
				INFOPLIST_KEY_UISupportedInterfaceOrientations = "UIInterfaceOrientationLandscapeLeft UIInterfaceOrientationLandscapeRight UIInterfaceOrientationPortrait UIInterfaceOrientationPortraitUpsideDown";
				INFOPLIST_KEY_UISupportedInterfaceOrientations_iPad = "UIInterfaceOrientationLandscapeLeft UIInterfaceOrientationLandscapeRight";
				IPHONEOS_DEPLOYMENT_TARGET = 13.5;
				LD_RUNPATH_SEARCH_PATHS = (
					"$(inherited)",
					"@executable_path/Frameworks",
				);
				MARKETING_VERSION = 1.0;
				PRODUCT_BUNDLE_IDENTIFIER = rupaliVerma.Messanger;
				PRODUCT_NAME = "$(TARGET_NAME)";
				SWIFT_EMIT_LOC_STRINGS = YES;
				SWIFT_VERSION = 5.0;
				TARGETED_DEVICE_FAMILY = "1,2";
			};
			name = Release;
		};
/* End XCBuildConfiguration section */

/* Begin XCConfigurationList section */
		84C1D4C52C419C96002DD751 /* Build configuration list for PBXProject "Messanger" */ = {
			isa = XCConfigurationList;
			buildConfigurations = (
				84C1D4DC2C419C99002DD751 /* Debug */,
				84C1D4DD2C419C99002DD751 /* Release */,
			);
			defaultConfigurationIsVisible = 0;
			defaultConfigurationName = Release;
		};
		84C1D4DE2C419C99002DD751 /* Build configuration list for PBXNativeTarget "Messanger" */ = {
			isa = XCConfigurationList;
			buildConfigurations = (
				84C1D4DF2C419C99002DD751 /* Debug */,
				84C1D4E02C419C99002DD751 /* Release */,
			);
			defaultConfigurationIsVisible = 0;
			defaultConfigurationName = Release;
		};
/* End XCConfigurationList section */
	};
	rootObject = 84C1D4C22C419C96002DD751 /* Project object */;
}
